
Microsoft Visual Studio Solution File, Format Version 12.00
# Visual Studio Version 16
VisualStudioVersion = 16.0.31019.35
MinimumVisualStudioVersion = 10.0.40219.1
Project("{FAE04EC0-301F-11D3-BF4B-00C04F79EFBC}") = "RRMDataManager", "RRMDataManager\RRMDataManager.csproj", "{26F42374-690C-4A96-9F12-0A13789809D7}"
EndProject
Project("{00D1A9C2-B5F0-4AF3-8072-F6C62B433612}") = "RRMData", "RRMData\RRMData.sqlproj", "{8B856749-9BB8-4C9E-B004-871374DC3753}"
EndProject
Global
	GlobalSection(SolutionConfigurationPlatforms) = preSolution
		Debug|Any CPU = Debug|Any CPU
		Release|Any CPU = Release|Any CPU
	EndGlobalSection
	GlobalSection(ProjectConfigurationPlatforms) = postSolution
		{26F42374-690C-4A96-9F12-0A13789809D7}.Debug|Any CPU.ActiveCfg = Debug|Any CPU
		{26F42374-690C-4A96-9F12-0A13789809D7}.Debug|Any CPU.Build.0 = Debug|Any CPU
		{26F42374-690C-4A96-9F12-0A13789809D7}.Release|Any CPU.ActiveCfg = Release|Any CPU
		{26F42374-690C-4A96-9F12-0A13789809D7}.Release|Any CPU.Build.0 = Release|Any CPU
		{8B856749-9BB8-4C9E-B004-871374DC3753}.Debug|Any CPU.ActiveCfg = Debug|Any CPU
		{8B856749-9BB8-4C9E-B004-871374DC3753}.Debug|Any CPU.Build.0 = Debug|Any CPU
		{8B856749-9BB8-4C9E-B004-871374DC3753}.Debug|Any CPU.Deploy.0 = Debug|Any CPU
		{8B856749-9BB8-4C9E-B004-871374DC3753}.Release|Any CPU.ActiveCfg = Release|Any CPU
		{8B856749-9BB8-4C9E-B004-871374DC3753}.Release|Any CPU.Build.0 = Release|Any CPU
		{8B856749-9BB8-4C9E-B004-871374DC3753}.Release|Any CPU.Deploy.0 = Release|Any CPU
	EndGlobalSection
	GlobalSection(SolutionProperties) = preSolution
		HideSolutionNode = FALSE
	EndGlobalSection
	GlobalSection(ExtensibilityGlobals) = postSolution
		SolutionGuid = {DC799401-3D17-48AB-9631-5ACF9C2B1951}
	EndGlobalSection
EndGlobal
