
Microsoft Visual Studio Solution File, Format Version 12.00
# Visual Studio Version 16
VisualStudioVersion = 16.0.31019.35
MinimumVisualStudioVersion = 10.0.40219.1
Project("{FAE04EC0-301F-11D3-BF4B-00C04F79EFBC}") = "RRMDesktopWPF", "RRMDesktopWPF\RRMDesktopWPF.csproj", "{B1697578-F97A-474B-B4FD-ABD1BF70C3D3}"
EndProject
Project("{FAE04EC0-301F-11D3-BF4B-00C04F79EFBC}") = "RRMDataManager.Library", "RRMDataManager.Library\RRMDataManager.Library.csproj", "{F2432946-9CB9-4F46-9B8E-F021036AA248}"
EndProject
Project("{FAE04EC0-301F-11D3-BF4B-00C04F79EFBC}") = "RRMDesktopWPF.Library", "RRMDesktopWPF.Library\RRMDesktopWPF.Library.csproj", "{0BF4F018-CE03-4B2F-BDAD-45626D1BEBF6}"
EndProject
Project("{00D1A9C2-B5F0-4AF3-8072-F6C62B433612}") = "RRMData", "RRMData\RRMData.sqlproj", "{8B856749-9BB8-4C9E-B004-871374DC3753}"
EndProject
Project("{FAE04EC0-301F-11D3-BF4B-00C04F79EFBC}") = "RRMDataManager", "RRMDataManager\RRMDataManager.csproj", "{26F42374-690C-4A96-9F12-0A13789809D7}"
EndProject
Project("{2150E333-8FDC-42A3-9474-1A3956D46DE8}") = "Solution Items", "Solution Items", "{F2AFC129-CE58-45C3-985B-CF72D5BBDF9B}"
	ProjectSection(SolutionItems) = preProject
		.editorconfig = .editorconfig
	EndProjectSection
EndProject
Project("{2150E333-8FDC-42A3-9474-1A3956D46DE8}") = "Database", "Database", "{A731AEEE-224D-4538-8261-2EF1E1F79EFD}"
EndProject
Project("{2150E333-8FDC-42A3-9474-1A3956D46DE8}") = "WPF", "WPF", "{1B5A8A50-8662-416E-A31B-8B84FF93F96E}"
EndProject
Project("{2150E333-8FDC-42A3-9474-1A3956D46DE8}") = "API", "API", "{73BD81A0-88CA-4AB8-B224-7D02CECAE7F5}"
EndProject
Global
	GlobalSection(SolutionConfigurationPlatforms) = preSolution
		Debug|Any CPU = Debug|Any CPU
		Release|Any CPU = Release|Any CPU
	EndGlobalSection
	GlobalSection(ProjectConfigurationPlatforms) = postSolution
		{B1697578-F97A-474B-B4FD-ABD1BF70C3D3}.Debug|Any CPU.ActiveCfg = Debug|Any CPU
		{B1697578-F97A-474B-B4FD-ABD1BF70C3D3}.Debug|Any CPU.Build.0 = Debug|Any CPU
		{B1697578-F97A-474B-B4FD-ABD1BF70C3D3}.Release|Any CPU.ActiveCfg = Release|Any CPU
		{B1697578-F97A-474B-B4FD-ABD1BF70C3D3}.Release|Any CPU.Build.0 = Release|Any CPU
		{F2432946-9CB9-4F46-9B8E-F021036AA248}.Debug|Any CPU.ActiveCfg = Debug|Any CPU
		{F2432946-9CB9-4F46-9B8E-F021036AA248}.Debug|Any CPU.Build.0 = Debug|Any CPU
		{F2432946-9CB9-4F46-9B8E-F021036AA248}.Release|Any CPU.ActiveCfg = Release|Any CPU
		{F2432946-9CB9-4F46-9B8E-F021036AA248}.Release|Any CPU.Build.0 = Release|Any CPU
		{0BF4F018-CE03-4B2F-BDAD-45626D1BEBF6}.Debug|Any CPU.ActiveCfg = Debug|Any CPU
		{0BF4F018-CE03-4B2F-BDAD-45626D1BEBF6}.Debug|Any CPU.Build.0 = Debug|Any CPU
		{0BF4F018-CE03-4B2F-BDAD-45626D1BEBF6}.Release|Any CPU.ActiveCfg = Release|Any CPU
		{0BF4F018-CE03-4B2F-BDAD-45626D1BEBF6}.Release|Any CPU.Build.0 = Release|Any CPU
		{8B856749-9BB8-4C9E-B004-871374DC3753}.Debug|Any CPU.ActiveCfg = Debug|Any CPU
		{8B856749-9BB8-4C9E-B004-871374DC3753}.Debug|Any CPU.Build.0 = Debug|Any CPU
		{8B856749-9BB8-4C9E-B004-871374DC3753}.Debug|Any CPU.Deploy.0 = Debug|Any CPU
		{8B856749-9BB8-4C9E-B004-871374DC3753}.Release|Any CPU.ActiveCfg = Release|Any CPU
		{8B856749-9BB8-4C9E-B004-871374DC3753}.Release|Any CPU.Build.0 = Release|Any CPU
		{8B856749-9BB8-4C9E-B004-871374DC3753}.Release|Any CPU.Deploy.0 = Release|Any CPU
		{26F42374-690C-4A96-9F12-0A13789809D7}.Debug|Any CPU.ActiveCfg = Debug|Any CPU
		{26F42374-690C-4A96-9F12-0A13789809D7}.Debug|Any CPU.Build.0 = Debug|Any CPU
		{26F42374-690C-4A96-9F12-0A13789809D7}.Release|Any CPU.ActiveCfg = Release|Any CPU
		{26F42374-690C-4A96-9F12-0A13789809D7}.Release|Any CPU.Build.0 = Release|Any CPU
	EndGlobalSection
	GlobalSection(SolutionProperties) = preSolution
		HideSolutionNode = FALSE
	EndGlobalSection
	GlobalSection(NestedProjects) = preSolution
		{B1697578-F97A-474B-B4FD-ABD1BF70C3D3} = {1B5A8A50-8662-416E-A31B-8B84FF93F96E}
		{F2432946-9CB9-4F46-9B8E-F021036AA248} = {73BD81A0-88CA-4AB8-B224-7D02CECAE7F5}
		{0BF4F018-CE03-4B2F-BDAD-45626D1BEBF6} = {1B5A8A50-8662-416E-A31B-8B84FF93F96E}
		{8B856749-9BB8-4C9E-B004-871374DC3753} = {A731AEEE-224D-4538-8261-2EF1E1F79EFD}
		{26F42374-690C-4A96-9F12-0A13789809D7} = {73BD81A0-88CA-4AB8-B224-7D02CECAE7F5}
	EndGlobalSection
	GlobalSection(ExtensibilityGlobals) = postSolution
		SolutionGuid = {DC799401-3D17-48AB-9631-5ACF9C2B1951}
	EndGlobalSection
EndGlobal
